{
  "name": "carbon-angular-starter",
  "lockfileVersion": 2,
  "requires": true,
  "packages": {
    "": {
      "dependencies": {
        "@carbon/icons": "^11.29.2",
        "carbon-components": "^10.58.10",
        "carbon-components-angular": "^5.15.0"
      }
    },
    "node_modules/@carbon/colors": {
      "version": "11.20.1",
      "resolved": "https://registry.npmjs.org/@carbon/colors/-/colors-11.20.1.tgz",
      "integrity": "sha512-CiW+05/LaYCZ8LW5ioEz4EL0DBxI0psZGdiA7leQSH/Wvec7mvEANhze3lYhfx3ZH700Q4Y2O9/roW+yLB1CQw==",
      "peer": true
    },
    "node_modules/@carbon/feature-flags": {
      "version": "0.16.0",
      "resolved": "https://registry.npmjs.org/@carbon/feature-flags/-/feature-flags-0.16.0.tgz",
      "integrity": "sha512-hCrfVZ6oVnPjjupelbvQX4D0i6GlZuKVverAf0LkOydXHrPjSyuEmg+czsylyCBg4r/hxtSTu91Tq6aqz/DsHg==",
      "peer": true
    },
    "node_modules/@carbon/grid": {
      "version": "11.21.1",
      "resolved": "https://registry.npmjs.org/@carbon/grid/-/grid-11.21.1.tgz",
      "integrity": "sha512-aNngNqGyJeWvu/X8anlI7N56na6+RZ0bRT3EsAtpWqnTDmG3apuXWn5skhorpPQpxEbGocbaou6Wjzt0f33Xbw==",
      "peer": true,
      "dependencies": {
        "@carbon/layout": "^11.20.1"
      }
    },
    "node_modules/@carbon/icon-helpers": {
      "version": "10.37.0",
      "resolved": "https://registry.npmjs.org/@carbon/icon-helpers/-/icon-helpers-10.37.0.tgz",
      "integrity": "sha512-YXed2JUSCGddp3UnY5OffR3W8Pl+dy9a+vfUtYhSLH9TbIEBR6EvYIfvruFMhA8JIVMCUClUqgyMQXM5oMFQ0g=="
    },
    "node_modules/@carbon/icons": {
      "version": "11.29.2",
      "resolved": "https://registry.npmjs.org/@carbon/icons/-/icons-11.29.2.tgz",
      "integrity": "sha512-tGxDn9+NiY6Sx0BwOX254Rb8siOd2JQyRDO930bzajhZtggqWJXFzQAYmZ243LeXzEprLUbfPAcqXXDiKxsFjw=="
    },
    "node_modules/@carbon/layout": {
      "version": "11.20.1",
      "resolved": "https://registry.npmjs.org/@carbon/layout/-/layout-11.20.1.tgz",
      "integrity": "sha512-l4Hh/lghptUykZ1r+6vHYGV3R8jEx2F5A3wcgUnMeAuw369/qwmy5VtTmSUqD8Krw7tsOb5v4S60FJaZLzBvXA==",
      "peer": true
    },
    "node_modules/@carbon/motion": {
      "version": "11.16.1",
      "resolved": "https://registry.npmjs.org/@carbon/motion/-/motion-11.16.1.tgz",
      "integrity": "sha512-e865DvKnoxg41/L3g2zaNc5+xA+OXk0dNfOmG9MpzWBMlViCYUnCYCVKuyhdT7YSbRJuBuXXsisAVIJzBkEQKQ==",
      "peer": true
    },
    "node_modules/@carbon/styles": {
      "version": "1.41.2",
      "resolved": "https://registry.npmjs.org/@carbon/styles/-/styles-1.41.2.tgz",
      "integrity": "sha512-JpvxI2y2Usx+Ru2BvCrHT5ymcG38KkcxQoiuZh+dB+Wtba/W/dIwwYgrpz8weUUobk/sbfr32xDf1aLqpfEU7w==",
      "peer": true,
      "dependencies": {
        "@carbon/colors": "^11.20.1",
        "@carbon/feature-flags": "^0.16.0",
        "@carbon/grid": "^11.21.1",
        "@carbon/layout": "^11.20.1",
        "@carbon/motion": "^11.16.1",
        "@carbon/themes": "^11.26.1",
        "@carbon/type": "^11.25.1",
        "@ibm/plex": "6.0.0-next.6"
      },
      "peerDependencies": {
        "sass": "^1.33.0"
      },
      "peerDependenciesMeta": {
        "sass": {
          "optional": true
        }
      }
    },
    "node_modules/@carbon/telemetry": {
      "version": "0.1.0",
      "resolved": "https://registry.npmjs.org/@carbon/telemetry/-/telemetry-0.1.0.tgz",
      "integrity": "sha512-kNWt0bkgPwGW0i5h7HFuljbKRXPvIhsKbB+1tEURAYLXoJg9iJLF1eGvWN5iVoFCS2zje4GR3OGOsvvKVe7Hlg==",
      "bin": {
        "carbon-telemetry": "bin/carbon-telemetry.js"
      }
    },
    "node_modules/@carbon/themes": {
      "version": "11.26.1",
      "resolved": "https://registry.npmjs.org/@carbon/themes/-/themes-11.26.1.tgz",
      "integrity": "sha512-StDDqCS7dM9EPgyJsl+SehFV79ZQWqhpU8OhPHKhgQ9z8XvDHVdBEm9J6KnomiC//RAhk5DBka6DsYQytOy9Rw==",
      "peer": true,
      "dependencies": {
        "@carbon/colors": "^11.20.1",
        "@carbon/layout": "^11.20.1",
        "@carbon/type": "^11.25.1",
        "color": "^4.0.0"
      }
    },
    "node_modules/@carbon/type": {
      "version": "11.25.1",
      "resolved": "https://registry.npmjs.org/@carbon/type/-/type-11.25.1.tgz",
      "integrity": "sha512-dNgDoiS44R192hJdTbiwvHQ3e5ReKmBxXvfZIwdy/uCOj1bvm/V+A0O9q9/GBF7Pm4+sdKKx+gxmCju97sMrrw==",
      "peer": true,
      "dependencies": {
        "@carbon/grid": "^11.21.1",
        "@carbon/layout": "^11.20.1"
      }
    },
    "node_modules/@carbon/utils-position": {
      "version": "1.1.4",
      "resolved": "https://registry.npmjs.org/@carbon/utils-position/-/utils-position-1.1.4.tgz",
      "integrity": "sha512-/01kFPKr+wD2pPd5Uck2gElm3K/+eNxX7lEn2j1NKzzE4+eSZXDfQtLR/UHcvOSgkP+Av42LET6B9h9jXGV+HA=="
    },
    "node_modules/@ibm/plex": {
      "version": "6.0.0-next.6",
      "resolved": "https://registry.npmjs.org/@ibm/plex/-/plex-6.0.0-next.6.tgz",
      "integrity": "sha512-B3uGruTn2rS5gweynLmfSe7yCawSRsJguJJQHVQiqf4rh2RNgJFu8YLE2Zd/JHV0ZXoVMOslcXP2k3hMkxKEyA==",
      "peer": true,
      "engines": {
        "node": ">=14"
      }
    },
    "node_modules/carbon-components": {
      "version": "10.58.10",
      "resolved": "https://registry.npmjs.org/carbon-components/-/carbon-components-10.58.10.tgz",
      "integrity": "sha512-RnTFB5s27rTKiGELIZVF72CKCFNy6Mz3x4cU6wVifbgjYKRDVlFCyXsmo56pNIhfGi5LPFHfLl/+sc/+ImkOsg==",
      "hasInstallScript": true,
      "dependencies": {
        "@carbon/telemetry": "0.1.0",
        "flatpickr": "4.6.1",
        "lodash.debounce": "^4.0.8",
        "warning": "^3.0.0"
      }
    },
    "node_modules/carbon-components-angular": {
      "version": "5.15.0",
      "resolved": "https://registry.npmjs.org/carbon-components-angular/-/carbon-components-angular-5.15.0.tgz",
      "integrity": "sha512-FSjjZ8Nhls25S19F/VVb/2Ayj6Tz9+1j/XArr89pibHYbT7Sl2FT/pAkQnbTACk121IzONcNj2/LVAgaPnitsQ==",
      "hasInstallScript": true,
      "dependencies": {
        "@carbon/icon-helpers": "10.37.0",
        "@carbon/icons": "11.14.0",
        "@carbon/telemetry": "0.1.0",
        "@carbon/utils-position": "1.1.4",
        "flatpickr": "4.6.13",
        "tslib": "2.3.0"
      },
      "peerDependencies": {
        "@carbon/styles": "^1.5.0"
      }
    },
    "node_modules/carbon-components-angular/node_modules/@carbon/icons": {
      "version": "11.14.0",
      "resolved": "https://registry.npmjs.org/@carbon/icons/-/icons-11.14.0.tgz",
      "integrity": "sha512-6XaySbscz1ubJ/3GtyXB8qJpcAL8kcIzBA6JZpFCcha43tuB1Kps87ADj/v3yx0sLPxyIzRWgkw2n1bnkAcsNA=="
    },
    "node_modules/carbon-components-angular/node_modules/flatpickr": {
      "version": "4.6.13",
      "resolved": "https://registry.npmjs.org/flatpickr/-/flatpickr-4.6.13.tgz",
      "integrity": "sha512-97PMG/aywoYpB4IvbvUJi0RQi8vearvU0oov1WW3k0WZPBMrTQVqekSX5CjSG/M4Q3i6A/0FKXC7RyAoAUUSPw=="
    },
    "node_modules/color": {
      "version": "4.2.3",
      "resolved": "https://registry.npmjs.org/color/-/color-4.2.3.tgz",
      "integrity": "sha512-1rXeuUUiGGrykh+CeBdu5Ie7OJwinCgQY0bc7GCRxy5xVHy+moaqkpL/jqQq0MtQOeYcrqEz4abc5f0KtU7W4A==",
      "peer": true,
      "dependencies": {
        "color-convert": "^2.0.1",
        "color-string": "^1.9.0"
      },
      "engines": {
        "node": ">=12.5.0"
      }
    },
    "node_modules/color-convert": {
      "version": "2.0.1",
      "resolved": "https://registry.npmjs.org/color-convert/-/color-convert-2.0.1.tgz",
      "integrity": "sha512-RRECPsj7iu/xb5oKYcsFHSppFNnsj/52OVTRKb4zP5onXwVF3zVmmToNcOfGC+CRDpfK/U584fMg38ZHCaElKQ==",
      "peer": true,
      "dependencies": {
        "color-name": "~1.1.4"
      },
      "engines": {
        "node": ">=7.0.0"
      }
    },
    "node_modules/color-name": {
      "version": "1.1.4",
      "resolved": "https://registry.npmjs.org/color-name/-/color-name-1.1.4.tgz",
      "integrity": "sha512-dOy+3AuW3a2wNbZHIuMZpTcgjGuLU/uBL/ubcZF9OXbDo8ff4O8yVp5Bf0efS8uEoYo5q4Fx7dY9OgQGXgAsQA==",
      "peer": true
    },
    "node_modules/color-string": {
      "version": "1.9.1",
      "resolved": "https://registry.npmjs.org/color-string/-/color-string-1.9.1.tgz",
      "integrity": "sha512-shrVawQFojnZv6xM40anx4CkoDP+fZsw/ZerEMsW/pyzsRbElpsL/DBVW7q3ExxwusdNXI3lXpuhEZkzs8p5Eg==",
      "peer": true,
      "dependencies": {
        "color-name": "^1.0.0",
        "simple-swizzle": "^0.2.2"
      }
    },
    "node_modules/flatpickr": {
      "version": "4.6.1",
      "resolved": "https://registry.npmjs.org/flatpickr/-/flatpickr-4.6.1.tgz",
      "integrity": "sha512-3ULSxbXmcMIRzer/2jLNweoqHpwDvsjEawO2FUd9UFR8uPwLM+LruZcPDpuZStcEgbQKhuFOfXo4nYdGladSNw=="
    },
    "node_modules/is-arrayish": {
      "version": "0.3.2",
      "resolved": "https://registry.npmjs.org/is-arrayish/-/is-arrayish-0.3.2.tgz",
      "integrity": "sha512-eVRqCvVlZbuw3GrM63ovNSNAeA1K16kaR/LRY/92w0zxQ5/1YzwblUX652i4Xs9RwAGjW9d9y6X88t8OaAJfWQ==",
      "peer": true
    },
    "node_modules/js-tokens": {
      "version": "4.0.0",
      "resolved": "https://registry.npmjs.org/js-tokens/-/js-tokens-4.0.0.tgz",
      "integrity": "sha512-RdJUflcE3cUzKiMqQgsCu06FPu9UdIJO0beYbPhHN4k6apgJtifcoCtT9bcxOpYBtpD2kCM6Sbzg4CausW/PKQ=="
    },
    "node_modules/lodash.debounce": {
      "version": "4.0.8",
      "resolved": "https://registry.npmjs.org/lodash.debounce/-/lodash.debounce-4.0.8.tgz",
      "integrity": "sha512-FT1yDzDYEoYWhnSGnpE/4Kj1fLZkDFyqRb7fNt6FdYOSxlUWAtp42Eh6Wb0rGIv/m9Bgo7x4GhQbm5Ys4SG5ow=="
    },
    "node_modules/loose-envify": {
      "version": "1.4.0",
      "resolved": "https://registry.npmjs.org/loose-envify/-/loose-envify-1.4.0.tgz",
      "integrity": "sha512-lyuxPGr/Wfhrlem2CL/UcnUc1zcqKAImBDzukY7Y5F/yQiNdko6+fRLevlw1HgMySw7f611UIY408EtxRSoK3Q==",
      "dependencies": {
        "js-tokens": "^3.0.0 || ^4.0.0"
      },
      "bin": {
        "loose-envify": "cli.js"
      }
    },
    "node_modules/simple-swizzle": {
      "version": "0.2.2",
      "resolved": "https://registry.npmjs.org/simple-swizzle/-/simple-swizzle-0.2.2.tgz",
      "integrity": "sha512-JA//kQgZtbuY83m+xT+tXJkmJncGMTFT+C+g2h2R9uxkYIrE2yy9sgmcLhCnw57/WSD+Eh3J97FPEDFnbXnDUg==",
      "peer": true,
      "dependencies": {
        "is-arrayish": "^0.3.1"
      }
    },
    "node_modules/tslib": {
      "version": "2.3.0",
      "resolved": "https://registry.npmjs.org/tslib/-/tslib-2.3.0.tgz",
      "integrity": "sha512-N82ooyxVNm6h1riLCoyS9e3fuJ3AMG2zIZs2Gd1ATcSFjSA23Q0fzjjZeh0jbJvWVDZ0cJT8yaNNaaXHzueNjg=="
    },
    "node_modules/warning": {
      "version": "3.0.0",
      "resolved": "https://registry.npmjs.org/warning/-/warning-3.0.0.tgz",
      "integrity": "sha512-jMBt6pUrKn5I+OGgtQ4YZLdhIeJmObddh6CsibPxyQ5yPZm1XExSyzC1LCNX7BzhxWgiHmizBWJTHJIjMjTQYQ==",
      "dependencies": {
        "loose-envify": "^1.0.0"
      }
    }
  },
  "dependencies": {
    "@carbon/colors": {
      "version": "11.20.1",
      "resolved": "https://registry.npmjs.org/@carbon/colors/-/colors-11.20.1.tgz",
      "integrity": "sha512-CiW+05/LaYCZ8LW5ioEz4EL0DBxI0psZGdiA7leQSH/Wvec7mvEANhze3lYhfx3ZH700Q4Y2O9/roW+yLB1CQw==",
      "peer": true
    },
    "@carbon/feature-flags": {
      "version": "0.16.0",
      "resolved": "https://registry.npmjs.org/@carbon/feature-flags/-/feature-flags-0.16.0.tgz",
      "integrity": "sha512-hCrfVZ6oVnPjjupelbvQX4D0i6GlZuKVverAf0LkOydXHrPjSyuEmg+czsylyCBg4r/hxtSTu91Tq6aqz/DsHg==",
      "peer": true
    },
    "@carbon/grid": {
      "version": "11.21.1",
      "resolved": "https://registry.npmjs.org/@carbon/grid/-/grid-11.21.1.tgz",
      "integrity": "sha512-aNngNqGyJeWvu/X8anlI7N56na6+RZ0bRT3EsAtpWqnTDmG3apuXWn5skhorpPQpxEbGocbaou6Wjzt0f33Xbw==",
      "peer": true,
      "requires": {
        "@carbon/layout": "^11.20.1"
      }
    },
    "@carbon/icon-helpers": {
      "version": "10.37.0",
      "resolved": "https://registry.npmjs.org/@carbon/icon-helpers/-/icon-helpers-10.37.0.tgz",
      "integrity": "sha512-YXed2JUSCGddp3UnY5OffR3W8Pl+dy9a+vfUtYhSLH9TbIEBR6EvYIfvruFMhA8JIVMCUClUqgyMQXM5oMFQ0g=="
    },
    "@carbon/icons": {
      "version": "11.29.2",
      "resolved": "https://registry.npmjs.org/@carbon/icons/-/icons-11.29.2.tgz",
      "integrity": "sha512-tGxDn9+NiY6Sx0BwOX254Rb8siOd2JQyRDO930bzajhZtggqWJXFzQAYmZ243LeXzEprLUbfPAcqXXDiKxsFjw=="
    },
    "@carbon/layout": {
      "version": "11.20.1",
      "resolved": "https://registry.npmjs.org/@carbon/layout/-/layout-11.20.1.tgz",
      "integrity": "sha512-l4Hh/lghptUykZ1r+6vHYGV3R8jEx2F5A3wcgUnMeAuw369/qwmy5VtTmSUqD8Krw7tsOb5v4S60FJaZLzBvXA==",
      "peer": true
    },
    "@carbon/motion": {
      "version": "11.16.1",
      "resolved": "https://registry.npmjs.org/@carbon/motion/-/motion-11.16.1.tgz",
      "integrity": "sha512-e865DvKnoxg41/L3g2zaNc5+xA+OXk0dNfOmG9MpzWBMlViCYUnCYCVKuyhdT7YSbRJuBuXXsisAVIJzBkEQKQ==",
      "peer": true
    },
    "@carbon/styles": {
      "version": "1.41.2",
      "resolved": "https://registry.npmjs.org/@carbon/styles/-/styles-1.41.2.tgz",
      "integrity": "sha512-JpvxI2y2Usx+Ru2BvCrHT5ymcG38KkcxQoiuZh+dB+Wtba/W/dIwwYgrpz8weUUobk/sbfr32xDf1aLqpfEU7w==",
      "peer": true,
      "requires": {
        "@carbon/colors": "^11.20.1",
        "@carbon/feature-flags": "^0.16.0",
        "@carbon/grid": "^11.21.1",
        "@carbon/layout": "^11.20.1",
        "@carbon/motion": "^11.16.1",
        "@carbon/themes": "^11.26.1",
        "@carbon/type": "^11.25.1",
        "@ibm/plex": "6.0.0-next.6"
      }
    },
    "@carbon/telemetry": {
      "version": "0.1.0",
      "resolved": "https://registry.npmjs.org/@carbon/telemetry/-/telemetry-0.1.0.tgz",
      "integrity": "sha512-kNWt0bkgPwGW0i5h7HFuljbKRXPvIhsKbB+1tEURAYLXoJg9iJLF1eGvWN5iVoFCS2zje4GR3OGOsvvKVe7Hlg=="
    },
    "@carbon/themes": {
      "version": "11.26.1",
      "resolved": "https://registry.npmjs.org/@carbon/themes/-/themes-11.26.1.tgz",
      "integrity": "sha512-StDDqCS7dM9EPgyJsl+SehFV79ZQWqhpU8OhPHKhgQ9z8XvDHVdBEm9J6KnomiC//RAhk5DBka6DsYQytOy9Rw==",
      "peer": true,
      "requires": {
        "@carbon/colors": "^11.20.1",
        "@carbon/layout": "^11.20.1",
        "@carbon/type": "^11.25.1",
        "color": "^4.0.0"
      }
    },
    "@carbon/type": {
      "version": "11.25.1",
      "resolved": "https://registry.npmjs.org/@carbon/type/-/type-11.25.1.tgz",
      "integrity": "sha512-dNgDoiS44R192hJdTbiwvHQ3e5ReKmBxXvfZIwdy/uCOj1bvm/V+A0O9q9/GBF7Pm4+sdKKx+gxmCju97sMrrw==",
      "peer": true,
      "requires": {
        "@carbon/grid": "^11.21.1",
        "@carbon/layout": "^11.20.1"
      }
    },
    "@carbon/utils-position": {
      "version": "1.1.4",
      "resolved": "https://registry.npmjs.org/@carbon/utils-position/-/utils-position-1.1.4.tgz",
      "integrity": "sha512-/01kFPKr+wD2pPd5Uck2gElm3K/+eNxX7lEn2j1NKzzE4+eSZXDfQtLR/UHcvOSgkP+Av42LET6B9h9jXGV+HA=="
    },
    "@ibm/plex": {
      "version": "6.0.0-next.6",
      "resolved": "https://registry.npmjs.org/@ibm/plex/-/plex-6.0.0-next.6.tgz",
      "integrity": "sha512-B3uGruTn2rS5gweynLmfSe7yCawSRsJguJJQHVQiqf4rh2RNgJFu8YLE2Zd/JHV0ZXoVMOslcXP2k3hMkxKEyA==",
      "peer": true
    },
    "carbon-components": {
      "version": "10.58.10",
      "resolved": "https://registry.npmjs.org/carbon-components/-/carbon-components-10.58.10.tgz",
      "integrity": "sha512-RnTFB5s27rTKiGELIZVF72CKCFNy6Mz3x4cU6wVifbgjYKRDVlFCyXsmo56pNIhfGi5LPFHfLl/+sc/+ImkOsg==",
      "requires": {
        "@carbon/telemetry": "0.1.0",
        "flatpickr": "4.6.1",
        "lodash.debounce": "^4.0.8",
        "warning": "^3.0.0"
      }
    },
    "carbon-components-angular": {
      "version": "5.15.0",
      "resolved": "https://registry.npmjs.org/carbon-components-angular/-/carbon-components-angular-5.15.0.tgz",
      "integrity": "sha512-FSjjZ8Nhls25S19F/VVb/2Ayj6Tz9+1j/XArr89pibHYbT7Sl2FT/pAkQnbTACk121IzONcNj2/LVAgaPnitsQ==",
      "requires": {
        "@carbon/icon-helpers": "10.37.0",
        "@carbon/icons": "11.14.0",
        "@carbon/telemetry": "0.1.0",
        "@carbon/utils-position": "1.1.4",
        "flatpickr": "4.6.13",
        "tslib": "2.3.0"
      },
      "dependencies": {
        "@carbon/icons": {
          "version": "11.14.0",
          "resolved": "https://registry.npmjs.org/@carbon/icons/-/icons-11.14.0.tgz",
          "integrity": "sha512-6XaySbscz1ubJ/3GtyXB8qJpcAL8kcIzBA6JZpFCcha43tuB1Kps87ADj/v3yx0sLPxyIzRWgkw2n1bnkAcsNA=="
        },
        "flatpickr": {
          "version": "4.6.13",
          "resolved": "https://registry.npmjs.org/flatpickr/-/flatpickr-4.6.13.tgz",
          "integrity": "sha512-97PMG/aywoYpB4IvbvUJi0RQi8vearvU0oov1WW3k0WZPBMrTQVqekSX5CjSG/M4Q3i6A/0FKXC7RyAoAUUSPw=="
        }
      }
    },
    "color": {
      "version": "4.2.3",
      "resolved": "https://registry.npmjs.org/color/-/color-4.2.3.tgz",
      "integrity": "sha512-1rXeuUUiGGrykh+CeBdu5Ie7OJwinCgQY0bc7GCRxy5xVHy+moaqkpL/jqQq0MtQOeYcrqEz4abc5f0KtU7W4A==",
      "peer": true,
      "requires": {
        "color-convert": "^2.0.1",
        "color-string": "^1.9.0"
      }
    },
    "color-convert": {
      "version": "2.0.1",
      "resolved": "https://registry.npmjs.org/color-convert/-/color-convert-2.0.1.tgz",
      "integrity": "sha512-RRECPsj7iu/xb5oKYcsFHSppFNnsj/52OVTRKb4zP5onXwVF3zVmmToNcOfGC+CRDpfK/U584fMg38ZHCaElKQ==",
      "peer": true,
      "requires": {
        "color-name": "~1.1.4"
      }
    },
    "color-name": {
      "version": "1.1.4",
      "resolved": "https://registry.npmjs.org/color-name/-/color-name-1.1.4.tgz",
      "integrity": "sha512-dOy+3AuW3a2wNbZHIuMZpTcgjGuLU/uBL/ubcZF9OXbDo8ff4O8yVp5Bf0efS8uEoYo5q4Fx7dY9OgQGXgAsQA==",
      "peer": true
    },
    "color-string": {
      "version": "1.9.1",
      "resolved": "https://registry.npmjs.org/color-string/-/color-string-1.9.1.tgz",
      "integrity": "sha512-shrVawQFojnZv6xM40anx4CkoDP+fZsw/ZerEMsW/pyzsRbElpsL/DBVW7q3ExxwusdNXI3lXpuhEZkzs8p5Eg==",
      "peer": true,
      "requires": {
        "color-name": "^1.0.0",
        "simple-swizzle": "^0.2.2"
      }
    },
    "flatpickr": {
      "version": "4.6.1",
      "resolved": "https://registry.npmjs.org/flatpickr/-/flatpickr-4.6.1.tgz",
      "integrity": "sha512-3ULSxbXmcMIRzer/2jLNweoqHpwDvsjEawO2FUd9UFR8uPwLM+LruZcPDpuZStcEgbQKhuFOfXo4nYdGladSNw=="
    },
    "is-arrayish": {
      "version": "0.3.2",
      "resolved": "https://registry.npmjs.org/is-arrayish/-/is-arrayish-0.3.2.tgz",
      "integrity": "sha512-eVRqCvVlZbuw3GrM63ovNSNAeA1K16kaR/LRY/92w0zxQ5/1YzwblUX652i4Xs9RwAGjW9d9y6X88t8OaAJfWQ==",
      "peer": true
    },
    "js-tokens": {
      "version": "4.0.0",
      "resolved": "https://registry.npmjs.org/js-tokens/-/js-tokens-4.0.0.tgz",
      "integrity": "sha512-RdJUflcE3cUzKiMqQgsCu06FPu9UdIJO0beYbPhHN4k6apgJtifcoCtT9bcxOpYBtpD2kCM6Sbzg4CausW/PKQ=="
    },
    "lodash.debounce": {
      "version": "4.0.8",
      "resolved": "https://registry.npmjs.org/lodash.debounce/-/lodash.debounce-4.0.8.tgz",
      "integrity": "sha512-FT1yDzDYEoYWhnSGnpE/4Kj1fLZkDFyqRb7fNt6FdYOSxlUWAtp42Eh6Wb0rGIv/m9Bgo7x4GhQbm5Ys4SG5ow=="
    },
    "loose-envify": {
      "version": "1.4.0",
      "resolved": "https://registry.npmjs.org/loose-envify/-/loose-envify-1.4.0.tgz",
      "integrity": "sha512-lyuxPGr/Wfhrlem2CL/UcnUc1zcqKAImBDzukY7Y5F/yQiNdko6+fRLevlw1HgMySw7f611UIY408EtxRSoK3Q==",
      "requires": {
        "js-tokens": "^3.0.0 || ^4.0.0"
      }
    },
    "simple-swizzle": {
      "version": "0.2.2",
      "resolved": "https://registry.npmjs.org/simple-swizzle/-/simple-swizzle-0.2.2.tgz",
      "integrity": "sha512-JA//kQgZtbuY83m+xT+tXJkmJncGMTFT+C+g2h2R9uxkYIrE2yy9sgmcLhCnw57/WSD+Eh3J97FPEDFnbXnDUg==",
      "peer": true,
      "requires": {
        "is-arrayish": "^0.3.1"
      }
    },
    "tslib": {
      "version": "2.3.0",
      "resolved": "https://registry.npmjs.org/tslib/-/tslib-2.3.0.tgz",
      "integrity": "sha512-N82ooyxVNm6h1riLCoyS9e3fuJ3AMG2zIZs2Gd1ATcSFjSA23Q0fzjjZeh0jbJvWVDZ0cJT8yaNNaaXHzueNjg=="
    },
    "warning": {
      "version": "3.0.0",
      "resolved": "https://registry.npmjs.org/warning/-/warning-3.0.0.tgz",
      "integrity": "sha512-jMBt6pUrKn5I+OGgtQ4YZLdhIeJmObddh6CsibPxyQ5yPZm1XExSyzC1LCNX7BzhxWgiHmizBWJTHJIjMjTQYQ==",
      "requires": {
        "loose-envify": "^1.0.0"
      }
    }
  }
}
